// !$*UTF8*$!
{
	archiveVersion = 1;
	classes = {
	};
	objectVersion = 56;
	objects = {

/* Begin PBXBuildFile section */
		3574650C2A9334FF00B76B26 /* TaskCellTests.swift in Sources */ = {isa = PBXBuildFile; fileRef = 3574650B2A9334FF00B76B26 /* TaskCellTests.swift */; };
		35AB85F42A8B9A550028650C /* AppDelegate.swift in Sources */ = {isa = PBXBuildFile; fileRef = 35AB85F32A8B9A550028650C /* AppDelegate.swift */; };
		35AB85F62A8B9A550028650C /* SceneDelegate.swift in Sources */ = {isa = PBXBuildFile; fileRef = 35AB85F52A8B9A550028650C /* SceneDelegate.swift */; };
		35AB85F82A8B9A550028650C /* TaskListViewController.swift in Sources */ = {isa = PBXBuildFile; fileRef = 35AB85F72A8B9A550028650C /* TaskListViewController.swift */; };
		35AB85FB2A8B9A550028650C /* Main.storyboard in Resources */ = {isa = PBXBuildFile; fileRef = 35AB85F92A8B9A550028650C /* Main.storyboard */; };
		35AB85FD2A8B9A580028650C /* Assets.xcassets in Resources */ = {isa = PBXBuildFile; fileRef = 35AB85FC2A8B9A580028650C /* Assets.xcassets */; };
		35AB86002A8B9A580028650C /* LaunchScreen.storyboard in Resources */ = {isa = PBXBuildFile; fileRef = 35AB85FE2A8B9A580028650C /* LaunchScreen.storyboard */; };
		35AB860B2A8B9A580028650C /* ToDoTDDAppTests.swift in Sources */ = {isa = PBXBuildFile; fileRef = 35AB860A2A8B9A580028650C /* ToDoTDDAppTests.swift */; };
		35AB86152A8B9A580028650C /* ToDoTDDAppUITests.swift in Sources */ = {isa = PBXBuildFile; fileRef = 35AB86142A8B9A580028650C /* ToDoTDDAppUITests.swift */; };
		35AB86172A8B9A580028650C /* ToDoTDDAppUITestsLaunchTests.swift in Sources */ = {isa = PBXBuildFile; fileRef = 35AB86162A8B9A580028650C /* ToDoTDDAppUITestsLaunchTests.swift */; };
		35AB86282A8B9D160028650C /* TaskTests.swift in Sources */ = {isa = PBXBuildFile; fileRef = 35AB86272A8B9D160028650C /* TaskTests.swift */; };
		35AB862A2A8B9D9C0028650C /* Task.swift in Sources */ = {isa = PBXBuildFile; fileRef = 35AB86292A8B9D9C0028650C /* Task.swift */; };
		35AB862C2A8C97910028650C /* Location.swift in Sources */ = {isa = PBXBuildFile; fileRef = 35AB862B2A8C97910028650C /* Location.swift */; };
		35AB862E2A8C985F0028650C /* LocationTests.swift in Sources */ = {isa = PBXBuildFile; fileRef = 35AB862D2A8C985F0028650C /* LocationTests.swift */; };
		35AB86312A8CE2100028650C /* TaskManagerTests.swift in Sources */ = {isa = PBXBuildFile; fileRef = 35AB86302A8CE2100028650C /* TaskManagerTests.swift */; };
		35AB86342A8CE3400028650C /* TaskManager.swift in Sources */ = {isa = PBXBuildFile; fileRef = 35AB86332A8CE3400028650C /* TaskManager.swift */; };
		35AB86362A8DECD70028650C /* TaskListViewControllerTests.swift in Sources */ = {isa = PBXBuildFile; fileRef = 35AB86352A8DECD60028650C /* TaskListViewControllerTests.swift */; };
		35AB86382A8E0A430028650C /* DataProvider.swift in Sources */ = {isa = PBXBuildFile; fileRef = 35AB86372A8E0A430028650C /* DataProvider.swift */; };
		35AB863B2A8E10F80028650C /* DataProviderTests.swift in Sources */ = {isa = PBXBuildFile; fileRef = 35AB863A2A8E10F80028650C /* DataProviderTests.swift */; };
		35AB863E2A8E26BF0028650C /* TaskCell.swift in Sources */ = {isa = PBXBuildFile; fileRef = 35AB863D2A8E26BF0028650C /* TaskCell.swift */; };
/* End PBXBuildFile section */

/* Begin PBXContainerItemProxy section */
		35AB86072A8B9A580028650C /* PBXContainerItemProxy */ = {
			isa = PBXContainerItemProxy;
			containerPortal = 35AB85E82A8B9A550028650C /* Project object */;
			proxyType = 1;
			remoteGlobalIDString = 35AB85EF2A8B9A550028650C;
			remoteInfo = ToDoTDDApp;
		};
		35AB86112A8B9A580028650C /* PBXContainerItemProxy */ = {
			isa = PBXContainerItemProxy;
			containerPortal = 35AB85E82A8B9A550028650C /* Project object */;
			proxyType = 1;
			remoteGlobalIDString = 35AB85EF2A8B9A550028650C;
			remoteInfo = ToDoTDDApp;
		};
/* End PBXContainerItemProxy section */

/* Begin PBXFileReference section */
		3574650B2A9334FF00B76B26 /* TaskCellTests.swift */ = {isa = PBXFileReference; lastKnownFileType = sourcecode.swift; path = TaskCellTests.swift; sourceTree = "<group>"; };
		35AB85F02A8B9A550028650C /* ToDoTDDApp.app */ = {isa = PBXFileReference; explicitFileType = wrapper.application; includeInIndex = 0; path = ToDoTDDApp.app; sourceTree = BUILT_PRODUCTS_DIR; };
		35AB85F32A8B9A550028650C /* AppDelegate.swift */ = {isa = PBXFileReference; lastKnownFileType = sourcecode.swift; path = AppDelegate.swift; sourceTree = "<group>"; };
		35AB85F52A8B9A550028650C /* SceneDelegate.swift */ = {isa = PBXFileReference; lastKnownFileType = sourcecode.swift; path = SceneDelegate.swift; sourceTree = "<group>"; };
		35AB85F72A8B9A550028650C /* TaskListViewController.swift */ = {isa = PBXFileReference; lastKnownFileType = sourcecode.swift; path = TaskListViewController.swift; sourceTree = "<group>"; };
		35AB85FA2A8B9A550028650C /* Base */ = {isa = PBXFileReference; lastKnownFileType = file.storyboard; name = Base; path = Base.lproj/Main.storyboard; sourceTree = "<group>"; };
		35AB85FC2A8B9A580028650C /* Assets.xcassets */ = {isa = PBXFileReference; lastKnownFileType = folder.assetcatalog; path = Assets.xcassets; sourceTree = "<group>"; };
		35AB85FF2A8B9A580028650C /* Base */ = {isa = PBXFileReference; lastKnownFileType = file.storyboard; name = Base; path = Base.lproj/LaunchScreen.storyboard; sourceTree = "<group>"; };
		35AB86012A8B9A580028650C /* Info.plist */ = {isa = PBXFileReference; lastKnownFileType = text.plist.xml; path = Info.plist; sourceTree = "<group>"; };
		35AB86062A8B9A580028650C /* ToDoTDDAppTests.xctest */ = {isa = PBXFileReference; explicitFileType = wrapper.cfbundle; includeInIndex = 0; path = ToDoTDDAppTests.xctest; sourceTree = BUILT_PRODUCTS_DIR; };
		35AB860A2A8B9A580028650C /* ToDoTDDAppTests.swift */ = {isa = PBXFileReference; lastKnownFileType = sourcecode.swift; path = ToDoTDDAppTests.swift; sourceTree = "<group>"; };
		35AB86102A8B9A580028650C /* ToDoTDDAppUITests.xctest */ = {isa = PBXFileReference; explicitFileType = wrapper.cfbundle; includeInIndex = 0; path = ToDoTDDAppUITests.xctest; sourceTree = BUILT_PRODUCTS_DIR; };
		35AB86142A8B9A580028650C /* ToDoTDDAppUITests.swift */ = {isa = PBXFileReference; lastKnownFileType = sourcecode.swift; path = ToDoTDDAppUITests.swift; sourceTree = "<group>"; };
		35AB86162A8B9A580028650C /* ToDoTDDAppUITestsLaunchTests.swift */ = {isa = PBXFileReference; lastKnownFileType = sourcecode.swift; path = ToDoTDDAppUITestsLaunchTests.swift; sourceTree = "<group>"; };
		35AB86272A8B9D160028650C /* TaskTests.swift */ = {isa = PBXFileReference; lastKnownFileType = sourcecode.swift; path = TaskTests.swift; sourceTree = "<group>"; };
		35AB86292A8B9D9C0028650C /* Task.swift */ = {isa = PBXFileReference; lastKnownFileType = sourcecode.swift; path = Task.swift; sourceTree = "<group>"; };
		35AB862B2A8C97910028650C /* Location.swift */ = {isa = PBXFileReference; lastKnownFileType = sourcecode.swift; path = Location.swift; sourceTree = "<group>"; };
		35AB862D2A8C985F0028650C /* LocationTests.swift */ = {isa = PBXFileReference; lastKnownFileType = sourcecode.swift; path = LocationTests.swift; sourceTree = "<group>"; };
		35AB86302A8CE2100028650C /* TaskManagerTests.swift */ = {isa = PBXFileReference; lastKnownFileType = sourcecode.swift; path = TaskManagerTests.swift; sourceTree = "<group>"; };
		35AB86332A8CE3400028650C /* TaskManager.swift */ = {isa = PBXFileReference; lastKnownFileType = sourcecode.swift; path = TaskManager.swift; sourceTree = "<group>"; };
		35AB86352A8DECD60028650C /* TaskListViewControllerTests.swift */ = {isa = PBXFileReference; lastKnownFileType = sourcecode.swift; path = TaskListViewControllerTests.swift; sourceTree = "<group>"; };
		35AB86372A8E0A430028650C /* DataProvider.swift */ = {isa = PBXFileReference; lastKnownFileType = sourcecode.swift; path = DataProvider.swift; sourceTree = "<group>"; };
		35AB863A2A8E10F80028650C /* DataProviderTests.swift */ = {isa = PBXFileReference; lastKnownFileType = sourcecode.swift; path = DataProviderTests.swift; sourceTree = "<group>"; };
		35AB863D2A8E26BF0028650C /* TaskCell.swift */ = {isa = PBXFileReference; lastKnownFileType = sourcecode.swift; path = TaskCell.swift; sourceTree = "<group>"; };
/* End PBXFileReference section */

/* Begin PBXFrameworksBuildPhase section */
		35AB85ED2A8B9A550028650C /* Frameworks */ = {
			isa = PBXFrameworksBuildPhase;
			buildActionMask = 2147483647;
			files = (
			);
			runOnlyForDeploymentPostprocessing = 0;
		};
		35AB86032A8B9A580028650C /* Frameworks */ = {
			isa = PBXFrameworksBuildPhase;
			buildActionMask = 2147483647;
			files = (
			);
			runOnlyForDeploymentPostprocessing = 0;
		};
		35AB860D2A8B9A580028650C /* Frameworks */ = {
			isa = PBXFrameworksBuildPhase;
			buildActionMask = 2147483647;
			files = (
			);
			runOnlyForDeploymentPostprocessing = 0;
		};
/* End PBXFrameworksBuildPhase section */

/* Begin PBXGroup section */
		3574650A2A9334EB00B76B26 /* View */ = {
			isa = PBXGroup;
			children = (
				3574650B2A9334FF00B76B26 /* TaskCellTests.swift */,
			);
			path = View;
			sourceTree = "<group>";
		};
		35AB85E72A8B9A550028650C = {
			isa = PBXGroup;
			children = (
				35AB85F22A8B9A550028650C /* ToDoTDDApp */,
				35AB86092A8B9A580028650C /* ToDoTDDAppTests */,
				35AB86132A8B9A580028650C /* ToDoTDDAppUITests */,
				35AB85F12A8B9A550028650C /* Products */,
			);
			sourceTree = "<group>";
		};
		35AB85F12A8B9A550028650C /* Products */ = {
			isa = PBXGroup;
			children = (
				35AB85F02A8B9A550028650C /* ToDoTDDApp.app */,
				35AB86062A8B9A580028650C /* ToDoTDDAppTests.xctest */,
				35AB86102A8B9A580028650C /* ToDoTDDAppUITests.xctest */,
			);
			name = Products;
			sourceTree = "<group>";
		};
		35AB85F22A8B9A550028650C /* ToDoTDDApp */ = {
			isa = PBXGroup;
			children = (
				35AB86322A8CE32F0028650C /* Manager */,
				35AB86252A8B9AA70028650C /* Model */,
				35AB86262A8B9AAF0028650C /* View */,
				35AB86232A8B9A7A0028650C /* Controller */,
				35AB86242A8B9A900028650C /* SupportingFiles */,
			);
			path = ToDoTDDApp;
			sourceTree = "<group>";
		};
		35AB86092A8B9A580028650C /* ToDoTDDAppTests */ = {
			isa = PBXGroup;
			children = (
				3574650A2A9334EB00B76B26 /* View */,
				35AB86392A8E10E30028650C /* Controller */,
				35AB862F2A8CE1EF0028650C /* Manager */,
				35AB860A2A8B9A580028650C /* ToDoTDDAppTests.swift */,
				35AB86272A8B9D160028650C /* TaskTests.swift */,
				35AB862D2A8C985F0028650C /* LocationTests.swift */,
			);
			path = ToDoTDDAppTests;
			sourceTree = "<group>";
		};
		35AB86132A8B9A580028650C /* ToDoTDDAppUITests */ = {
			isa = PBXGroup;
			children = (
				35AB86142A8B9A580028650C /* ToDoTDDAppUITests.swift */,
				35AB86162A8B9A580028650C /* ToDoTDDAppUITestsLaunchTests.swift */,
			);
			path = ToDoTDDAppUITests;
			sourceTree = "<group>";
		};
		35AB86232A8B9A7A0028650C /* Controller */ = {
			isa = PBXGroup;
			children = (
				35AB85F72A8B9A550028650C /* TaskListViewController.swift */,
				35AB86372A8E0A430028650C /* DataProvider.swift */,
			);
			path = Controller;
			sourceTree = "<group>";
		};
		35AB86242A8B9A900028650C /* SupportingFiles */ = {
			isa = PBXGroup;
			children = (
				35AB85F32A8B9A550028650C /* AppDelegate.swift */,
				35AB85F52A8B9A550028650C /* SceneDelegate.swift */,
				35AB85F92A8B9A550028650C /* Main.storyboard */,
				35AB85FC2A8B9A580028650C /* Assets.xcassets */,
				35AB85FE2A8B9A580028650C /* LaunchScreen.storyboard */,
				35AB86012A8B9A580028650C /* Info.plist */,
			);
			path = SupportingFiles;
			sourceTree = "<group>";
		};
		35AB86252A8B9AA70028650C /* Model */ = {
			isa = PBXGroup;
			children = (
				35AB86292A8B9D9C0028650C /* Task.swift */,
				35AB862B2A8C97910028650C /* Location.swift */,
			);
			path = Model;
			sourceTree = "<group>";
		};
		35AB86262A8B9AAF0028650C /* View */ = {
			isa = PBXGroup;
			children = (
				35AB863D2A8E26BF0028650C /* TaskCell.swift */,
			);
			path = View;
			sourceTree = "<group>";
		};
		35AB862F2A8CE1EF0028650C /* Manager */ = {
			isa = PBXGroup;
			children = (
				35AB86302A8CE2100028650C /* TaskManagerTests.swift */,
			);
			path = Manager;
			sourceTree = "<group>";
		};
		35AB86322A8CE32F0028650C /* Manager */ = {
			isa = PBXGroup;
			children = (
				35AB86332A8CE3400028650C /* TaskManager.swift */,
			);
			path = Manager;
			sourceTree = "<group>";
		};
		35AB86392A8E10E30028650C /* Controller */ = {
			isa = PBXGroup;
			children = (
				35AB86352A8DECD60028650C /* TaskListViewControllerTests.swift */,
				35AB863A2A8E10F80028650C /* DataProviderTests.swift */,
			);
			path = Controller;
			sourceTree = "<group>";
		};
/* End PBXGroup section */

/* Begin PBXNativeTarget section */
		35AB85EF2A8B9A550028650C /* ToDoTDDApp */ = {
			isa = PBXNativeTarget;
			buildConfigurationList = 35AB861A2A8B9A580028650C /* Build configuration list for PBXNativeTarget "ToDoTDDApp" */;
			buildPhases = (
				35AB85EC2A8B9A550028650C /* Sources */,
				35AB85ED2A8B9A550028650C /* Frameworks */,
				35AB85EE2A8B9A550028650C /* Resources */,
			);
			buildRules = (
			);
			dependencies = (
			);
			name = ToDoTDDApp;
			productName = ToDoTDDApp;
			productReference = 35AB85F02A8B9A550028650C /* ToDoTDDApp.app */;
			productType = "com.apple.product-type.application";
		};
		35AB86052A8B9A580028650C /* ToDoTDDAppTests */ = {
			isa = PBXNativeTarget;
			buildConfigurationList = 35AB861D2A8B9A580028650C /* Build configuration list for PBXNativeTarget "ToDoTDDAppTests" */;
			buildPhases = (
				35AB86022A8B9A580028650C /* Sources */,
				35AB86032A8B9A580028650C /* Frameworks */,
				35AB86042A8B9A580028650C /* Resources */,
			);
			buildRules = (
			);
			dependencies = (
				35AB86082A8B9A580028650C /* PBXTargetDependency */,
			);
			name = ToDoTDDAppTests;
			productName = ToDoTDDAppTests;
			productReference = 35AB86062A8B9A580028650C /* ToDoTDDAppTests.xctest */;
			productType = "com.apple.product-type.bundle.unit-test";
		};
		35AB860F2A8B9A580028650C /* ToDoTDDAppUITests */ = {
			isa = PBXNativeTarget;
			buildConfigurationList = 35AB86202A8B9A580028650C /* Build configuration list for PBXNativeTarget "ToDoTDDAppUITests" */;
			buildPhases = (
				35AB860C2A8B9A580028650C /* Sources */,
				35AB860D2A8B9A580028650C /* Frameworks */,
				35AB860E2A8B9A580028650C /* Resources */,
			);
			buildRules = (
			);
			dependencies = (
				35AB86122A8B9A580028650C /* PBXTargetDependency */,
			);
			name = ToDoTDDAppUITests;
			productName = ToDoTDDAppUITests;
			productReference = 35AB86102A8B9A580028650C /* ToDoTDDAppUITests.xctest */;
			productType = "com.apple.product-type.bundle.ui-testing";
		};
/* End PBXNativeTarget section */

/* Begin PBXProject section */
		35AB85E82A8B9A550028650C /* Project object */ = {
			isa = PBXProject;
			attributes = {
				BuildIndependentTargetsInParallel = 1;
				LastSwiftUpdateCheck = 1420;
				LastUpgradeCheck = 1420;
				TargetAttributes = {
					35AB85EF2A8B9A550028650C = {
						CreatedOnToolsVersion = 14.2;
					};
					35AB86052A8B9A580028650C = {
						CreatedOnToolsVersion = 14.2;
						TestTargetID = 35AB85EF2A8B9A550028650C;
					};
					35AB860F2A8B9A580028650C = {
						CreatedOnToolsVersion = 14.2;
						TestTargetID = 35AB85EF2A8B9A550028650C;
					};
				};
			};
			buildConfigurationList = 35AB85EB2A8B9A550028650C /* Build configuration list for PBXProject "ToDoTDDApp" */;
			compatibilityVersion = "Xcode 14.0";
			developmentRegion = en;
			hasScannedForEncodings = 0;
			knownRegions = (
				en,
				Base,
			);
			mainGroup = 35AB85E72A8B9A550028650C;
			productRefGroup = 35AB85F12A8B9A550028650C /* Products */;
			projectDirPath = "";
			projectRoot = "";
			targets = (
				35AB85EF2A8B9A550028650C /* ToDoTDDApp */,
				35AB86052A8B9A580028650C /* ToDoTDDAppTests */,
				35AB860F2A8B9A580028650C /* ToDoTDDAppUITests */,
			);
		};
/* End PBXProject section */

/* Begin PBXResourcesBuildPhase section */
		35AB85EE2A8B9A550028650C /* Resources */ = {
			isa = PBXResourcesBuildPhase;
			buildActionMask = 2147483647;
			files = (
				35AB86002A8B9A580028650C /* LaunchScreen.storyboard in Resources */,
				35AB85FD2A8B9A580028650C /* Assets.xcassets in Resources */,
				35AB85FB2A8B9A550028650C /* Main.storyboard in Resources */,
			);
			runOnlyForDeploymentPostprocessing = 0;
		};
		35AB86042A8B9A580028650C /* Resources */ = {
			isa = PBXResourcesBuildPhase;
			buildActionMask = 2147483647;
			files = (
			);
			runOnlyForDeploymentPostprocessing = 0;
		};
		35AB860E2A8B9A580028650C /* Resources */ = {
			isa = PBXResourcesBuildPhase;
			buildActionMask = 2147483647;
			files = (
			);
			runOnlyForDeploymentPostprocessing = 0;
		};
/* End PBXResourcesBuildPhase section */

/* Begin PBXSourcesBuildPhase section */
		35AB85EC2A8B9A550028650C /* Sources */ = {
			isa = PBXSourcesBuildPhase;
			buildActionMask = 2147483647;
			files = (
				35AB86342A8CE3400028650C /* TaskManager.swift in Sources */,
				35AB862A2A8B9D9C0028650C /* Task.swift in Sources */,
				35AB85F82A8B9A550028650C /* TaskListViewController.swift in Sources */,
				35AB86382A8E0A430028650C /* DataProvider.swift in Sources */,
				35AB863E2A8E26BF0028650C /* TaskCell.swift in Sources */,
				35AB862C2A8C97910028650C /* Location.swift in Sources */,
				35AB85F42A8B9A550028650C /* AppDelegate.swift in Sources */,
				35AB85F62A8B9A550028650C /* SceneDelegate.swift in Sources */,
			);
			runOnlyForDeploymentPostprocessing = 0;
		};
		35AB86022A8B9A580028650C /* Sources */ = {
			isa = PBXSourcesBuildPhase;
			buildActionMask = 2147483647;
			files = (
				35AB86282A8B9D160028650C /* TaskTests.swift in Sources */,
				35AB862E2A8C985F0028650C /* LocationTests.swift in Sources */,
				3574650C2A9334FF00B76B26 /* TaskCellTests.swift in Sources */,
				35AB863B2A8E10F80028650C /* DataProviderTests.swift in Sources */,
				35AB86312A8CE2100028650C /* TaskManagerTests.swift in Sources */,
				35AB86362A8DECD70028650C /* TaskListViewControllerTests.swift in Sources */,
				35AB860B2A8B9A580028650C /* ToDoTDDAppTests.swift in Sources */,
			);
			runOnlyForDeploymentPostprocessing = 0;
		};
		35AB860C2A8B9A580028650C /* Sources */ = {
			isa = PBXSourcesBuildPhase;
			buildActionMask = 2147483647;
			files = (
				35AB86152A8B9A580028650C /* ToDoTDDAppUITests.swift in Sources */,
				35AB86172A8B9A580028650C /* ToDoTDDAppUITestsLaunchTests.swift in Sources */,
			);
			runOnlyForDeploymentPostprocessing = 0;
		};
/* End PBXSourcesBuildPhase section */

/* Begin PBXTargetDependency section */
		35AB86082A8B9A580028650C /* PBXTargetDependency */ = {
			isa = PBXTargetDependency;
			target = 35AB85EF2A8B9A550028650C /* ToDoTDDApp */;
			targetProxy = 35AB86072A8B9A580028650C /* PBXContainerItemProxy */;
		};
		35AB86122A8B9A580028650C /* PBXTargetDependency */ = {
			isa = PBXTargetDependency;
			target = 35AB85EF2A8B9A550028650C /* ToDoTDDApp */;
			targetProxy = 35AB86112A8B9A580028650C /* PBXContainerItemProxy */;
		};
/* End PBXTargetDependency section */

/* Begin PBXVariantGroup section */
		35AB85F92A8B9A550028650C /* Main.storyboard */ = {
			isa = PBXVariantGroup;
			children = (
				35AB85FA2A8B9A550028650C /* Base */,
			);
			name = Main.storyboard;
			sourceTree = "<group>";
		};
		35AB85FE2A8B9A580028650C /* LaunchScreen.storyboard */ = {
			isa = PBXVariantGroup;
			children = (
				35AB85FF2A8B9A580028650C /* Base */,
			);
			name = LaunchScreen.storyboard;
			sourceTree = "<group>";
		};
/* End PBXVariantGroup section */

/* Begin XCBuildConfiguration section */
		35AB86182A8B9A580028650C /* Debug */ = {
			isa = XCBuildConfiguration;
			buildSettings = {
				ALWAYS_SEARCH_USER_PATHS = NO;
				CLANG_ANALYZER_NONNULL = YES;
				CLANG_ANALYZER_NUMBER_OBJECT_CONVERSION = YES_AGGRESSIVE;
				CLANG_CXX_LANGUAGE_STANDARD = "gnu++20";
				CLANG_ENABLE_MODULES = YES;
				CLANG_ENABLE_OBJC_ARC = YES;
				CLANG_ENABLE_OBJC_WEAK = YES;
				CLANG_WARN_BLOCK_CAPTURE_AUTORELEASING = YES;
				CLANG_WARN_BOOL_CONVERSION = YES;
				CLANG_WARN_COMMA = YES;
				CLANG_WARN_CONSTANT_CONVERSION = YES;
				CLANG_WARN_DEPRECATED_OBJC_IMPLEMENTATIONS = YES;
				CLANG_WARN_DIRECT_OBJC_ISA_USAGE = YES_ERROR;
				CLANG_WARN_DOCUMENTATION_COMMENTS = YES;
				CLANG_WARN_EMPTY_BODY = YES;
				CLANG_WARN_ENUM_CONVERSION = YES;
				CLANG_WARN_INFINITE_RECURSION = YES;
				CLANG_WARN_INT_CONVERSION = YES;
				CLANG_WARN_NON_LITERAL_NULL_CONVERSION = YES;
				CLANG_WARN_OBJC_IMPLICIT_RETAIN_SELF = YES;
				CLANG_WARN_OBJC_LITERAL_CONVERSION = YES;
				CLANG_WARN_OBJC_ROOT_CLASS = YES_ERROR;
				CLANG_WARN_QUOTED_INCLUDE_IN_FRAMEWORK_HEADER = YES;
				CLANG_WARN_RANGE_LOOP_ANALYSIS = YES;
				CLANG_WARN_STRICT_PROTOTYPES = YES;
				CLANG_WARN_SUSPICIOUS_MOVE = YES;
				CLANG_WARN_UNGUARDED_AVAILABILITY = YES_AGGRESSIVE;
				CLANG_WARN_UNREACHABLE_CODE = YES;
				CLANG_WARN__DUPLICATE_METHOD_MATCH = YES;
				COPY_PHASE_STRIP = NO;
				DEBUG_INFORMATION_FORMAT = dwarf;
				ENABLE_STRICT_OBJC_MSGSEND = YES;
				ENABLE_TESTABILITY = YES;
				GCC_C_LANGUAGE_STANDARD = gnu11;
				GCC_DYNAMIC_NO_PIC = NO;
				GCC_NO_COMMON_BLOCKS = YES;
				GCC_OPTIMIZATION_LEVEL = 0;
				GCC_PREPROCESSOR_DEFINITIONS = (
					"DEBUG=1",
					"$(inherited)",
				);
				GCC_WARN_64_TO_32_BIT_CONVERSION = YES;
				GCC_WARN_ABOUT_RETURN_TYPE = YES_ERROR;
				GCC_WARN_UNDECLARED_SELECTOR = YES;
				GCC_WARN_UNINITIALIZED_AUTOS = YES_AGGRESSIVE;
				GCC_WARN_UNUSED_FUNCTION = YES;
				GCC_WARN_UNUSED_VARIABLE = YES;
				IPHONEOS_DEPLOYMENT_TARGET = 16.2;
				MTL_ENABLE_DEBUG_INFO = INCLUDE_SOURCE;
				MTL_FAST_MATH = YES;
				ONLY_ACTIVE_ARCH = YES;
				SDKROOT = iphoneos;
				SWIFT_ACTIVE_COMPILATION_CONDITIONS = DEBUG;
				SWIFT_OPTIMIZATION_LEVEL = "-Onone";
			};
			name = Debug;
		};
		35AB86192A8B9A580028650C /* Release */ = {
			isa = XCBuildConfiguration;
			buildSettings = {
				ALWAYS_SEARCH_USER_PATHS = NO;
				CLANG_ANALYZER_NONNULL = YES;
				CLANG_ANALYZER_NUMBER_OBJECT_CONVERSION = YES_AGGRESSIVE;
				CLANG_CXX_LANGUAGE_STANDARD = "gnu++20";
				CLANG_ENABLE_MODULES = YES;
				CLANG_ENABLE_OBJC_ARC = YES;
				CLANG_ENABLE_OBJC_WEAK = YES;
				CLANG_WARN_BLOCK_CAPTURE_AUTORELEASING = YES;
				CLANG_WARN_BOOL_CONVERSION = YES;
				CLANG_WARN_COMMA = YES;
				CLANG_WARN_CONSTANT_CONVERSION = YES;
				CLANG_WARN_DEPRECATED_OBJC_IMPLEMENTATIONS = YES;
				CLANG_WARN_DIRECT_OBJC_ISA_USAGE = YES_ERROR;
				CLANG_WARN_DOCUMENTATION_COMMENTS = YES;
				CLANG_WARN_EMPTY_BODY = YES;
				CLANG_WARN_ENUM_CONVERSION = YES;
				CLANG_WARN_INFINITE_RECURSION = YES;
				CLANG_WARN_INT_CONVERSION = YES;
				CLANG_WARN_NON_LITERAL_NULL_CONVERSION = YES;
				CLANG_WARN_OBJC_IMPLICIT_RETAIN_SELF = YES;
				CLANG_WARN_OBJC_LITERAL_CONVERSION = YES;
				CLANG_WARN_OBJC_ROOT_CLASS = YES_ERROR;
				CLANG_WARN_QUOTED_INCLUDE_IN_FRAMEWORK_HEADER = YES;
				CLANG_WARN_RANGE_LOOP_ANALYSIS = YES;
				CLANG_WARN_STRICT_PROTOTYPES = YES;
				CLANG_WARN_SUSPICIOUS_MOVE = YES;
				CLANG_WARN_UNGUARDED_AVAILABILITY = YES_AGGRESSIVE;
				CLANG_WARN_UNREACHABLE_CODE = YES;
				CLANG_WARN__DUPLICATE_METHOD_MATCH = YES;
				COPY_PHASE_STRIP = NO;
				DEBUG_INFORMATION_FORMAT = "dwarf-with-dsym";
				ENABLE_NS_ASSERTIONS = NO;
				ENABLE_STRICT_OBJC_MSGSEND = YES;
				GCC_C_LANGUAGE_STANDARD = gnu11;
				GCC_NO_COMMON_BLOCKS = YES;
				GCC_WARN_64_TO_32_BIT_CONVERSION = YES;
				GCC_WARN_ABOUT_RETURN_TYPE = YES_ERROR;
				GCC_WARN_UNDECLARED_SELECTOR = YES;
				GCC_WARN_UNINITIALIZED_AUTOS = YES_AGGRESSIVE;
				GCC_WARN_UNUSED_FUNCTION = YES;
				GCC_WARN_UNUSED_VARIABLE = YES;
				IPHONEOS_DEPLOYMENT_TARGET = 16.2;
				MTL_ENABLE_DEBUG_INFO = NO;
				MTL_FAST_MATH = YES;
				SDKROOT = iphoneos;
				SWIFT_COMPILATION_MODE = wholemodule;
				SWIFT_OPTIMIZATION_LEVEL = "-O";
				VALIDATE_PRODUCT = YES;
			};
			name = Release;
		};
		35AB861B2A8B9A580028650C /* Debug */ = {
			isa = XCBuildConfiguration;
			buildSettings = {
				ASSETCATALOG_COMPILER_APPICON_NAME = AppIcon;
				ASSETCATALOG_COMPILER_GLOBAL_ACCENT_COLOR_NAME = AccentColor;
				CODE_SIGN_STYLE = Automatic;
				CURRENT_PROJECT_VERSION = 1;
				DEVELOPMENT_TEAM = XZW4VA4NWF;
				GENERATE_INFOPLIST_FILE = YES;
				INFOPLIST_FILE = ToDoTDDApp/SupportingFiles/Info.plist;
				INFOPLIST_KEY_UIApplicationSupportsIndirectInputEvents = YES;
				INFOPLIST_KEY_UILaunchStoryboardName = LaunchScreen;
				INFOPLIST_KEY_UIMainStoryboardFile = Main;
				INFOPLIST_KEY_UISupportedInterfaceOrientations_iPad = "UIInterfaceOrientationPortrait UIInterfaceOrientationPortraitUpsideDown UIInterfaceOrientationLandscapeLeft UIInterfaceOrientationLandscapeRight";
				INFOPLIST_KEY_UISupportedInterfaceOrientations_iPhone = "UIInterfaceOrientationPortrait UIInterfaceOrientationLandscapeLeft UIInterfaceOrientationLandscapeRight";
				LD_RUNPATH_SEARCH_PATHS = (
					"$(inherited)",
					"@executable_path/Frameworks",
				);
				MARKETING_VERSION = 1.0;
				PRODUCT_BUNDLE_IDENTIFIER = kz.zaki.ToDoTDDApp;
				PRODUCT_NAME = "$(TARGET_NAME)";
				SUPPORTED_PLATFORMS = "iphoneos iphonesimulator";
				SUPPORTS_MACCATALYST = NO;
				SUPPORTS_MAC_DESIGNED_FOR_IPHONE_IPAD = NO;
				SWIFT_EMIT_LOC_STRINGS = YES;
				SWIFT_VERSION = 5.0;
				TARGETED_DEVICE_FAMILY = 1;
			};
			name = Debug;
		};
		35AB861C2A8B9A580028650C /* Release */ = {
			isa = XCBuildConfiguration;
			buildSettings = {
				ASSETCATALOG_COMPILER_APPICON_NAME = AppIcon;
				ASSETCATALOG_COMPILER_GLOBAL_ACCENT_COLOR_NAME = AccentColor;
				CODE_SIGN_STYLE = Automatic;
				CURRENT_PROJECT_VERSION = 1;
				DEVELOPMENT_TEAM = XZW4VA4NWF;
				GENERATE_INFOPLIST_FILE = YES;
				INFOPLIST_FILE = ToDoTDDApp/SupportingFiles/Info.plist;
				INFOPLIST_KEY_UIApplicationSupportsIndirectInputEvents = YES;
				INFOPLIST_KEY_UILaunchStoryboardName = LaunchScreen;
				INFOPLIST_KEY_UIMainStoryboardFile = Main;
				INFOPLIST_KEY_UISupportedInterfaceOrientations_iPad = "UIInterfaceOrientationPortrait UIInterfaceOrientationPortraitUpsideDown UIInterfaceOrientationLandscapeLeft UIInterfaceOrientationLandscapeRight";
				INFOPLIST_KEY_UISupportedInterfaceOrientations_iPhone = "UIInterfaceOrientationPortrait UIInterfaceOrientationLandscapeLeft UIInterfaceOrientationLandscapeRight";
				LD_RUNPATH_SEARCH_PATHS = (
					"$(inherited)",
					"@executable_path/Frameworks",
				);
				MARKETING_VERSION = 1.0;
				PRODUCT_BUNDLE_IDENTIFIER = kz.zaki.ToDoTDDApp;
				PRODUCT_NAME = "$(TARGET_NAME)";
				SUPPORTED_PLATFORMS = "iphoneos iphonesimulator";
				SUPPORTS_MACCATALYST = NO;
				SUPPORTS_MAC_DESIGNED_FOR_IPHONE_IPAD = NO;
				SWIFT_EMIT_LOC_STRINGS = YES;
				SWIFT_VERSION = 5.0;
				TARGETED_DEVICE_FAMILY = 1;
			};
			name = Release;
		};
		35AB861E2A8B9A580028650C /* Debug */ = {
			isa = XCBuildConfiguration;
			buildSettings = {
				ALWAYS_EMBED_SWIFT_STANDARD_LIBRARIES = YES;
				BUNDLE_LOADER = "$(TEST_HOST)";
				CODE_SIGN_STYLE = Automatic;
				CURRENT_PROJECT_VERSION = 1;
				DEVELOPMENT_TEAM = XZW4VA4NWF;
				GENERATE_INFOPLIST_FILE = YES;
				IPHONEOS_DEPLOYMENT_TARGET = 16.2;
				MARKETING_VERSION = 1.0;
				PRODUCT_BUNDLE_IDENTIFIER = kz.zaki.ToDoTDDAppTests;
				PRODUCT_NAME = "$(TARGET_NAME)";
				SWIFT_EMIT_LOC_STRINGS = NO;
				SWIFT_VERSION = 5.0;
				TARGETED_DEVICE_FAMILY = "1,2";
				TEST_HOST = "$(BUILT_PRODUCTS_DIR)/ToDoTDDApp.app/$(BUNDLE_EXECUTABLE_FOLDER_PATH)/ToDoTDDApp";
			};
			name = Debug;
		};
		35AB861F2A8B9A580028650C /* Release */ = {
			isa = XCBuildConfiguration;
			buildSettings = {
				ALWAYS_EMBED_SWIFT_STANDARD_LIBRARIES = YES;
				BUNDLE_LOADER = "$(TEST_HOST)";
				CODE_SIGN_STYLE = Automatic;
				CURRENT_PROJECT_VERSION = 1;
				DEVELOPMENT_TEAM = XZW4VA4NWF;
				GENERATE_INFOPLIST_FILE = YES;
				IPHONEOS_DEPLOYMENT_TARGET = 16.2;
				MARKETING_VERSION = 1.0;
				PRODUCT_BUNDLE_IDENTIFIER = kz.zaki.ToDoTDDAppTests;
				PRODUCT_NAME = "$(TARGET_NAME)";
				SWIFT_EMIT_LOC_STRINGS = NO;
				SWIFT_VERSION = 5.0;
				TARGETED_DEVICE_FAMILY = "1,2";
				TEST_HOST = "$(BUILT_PRODUCTS_DIR)/ToDoTDDApp.app/$(BUNDLE_EXECUTABLE_FOLDER_PATH)/ToDoTDDApp";
			};
			name = Release;
		};
		35AB86212A8B9A580028650C /* Debug */ = {
			isa = XCBuildConfiguration;
			buildSettings = {
				ALWAYS_EMBED_SWIFT_STANDARD_LIBRARIES = YES;
				CODE_SIGN_STYLE = Automatic;
				CURRENT_PROJECT_VERSION = 1;
				DEVELOPMENT_TEAM = XZW4VA4NWF;
				GENERATE_INFOPLIST_FILE = YES;
				MARKETING_VERSION = 1.0;
				PRODUCT_BUNDLE_IDENTIFIER = kz.zaki.ToDoTDDAppUITests;
				PRODUCT_NAME = "$(TARGET_NAME)";
				SWIFT_EMIT_LOC_STRINGS = NO;
				SWIFT_VERSION = 5.0;
				TARGETED_DEVICE_FAMILY = "1,2";
				TEST_TARGET_NAME = ToDoTDDApp;
			};
			name = Debug;
		};
		35AB86222A8B9A580028650C /* Release */ = {
			isa = XCBuildConfiguration;
			buildSettings = {
				ALWAYS_EMBED_SWIFT_STANDARD_LIBRARIES = YES;
				CODE_SIGN_STYLE = Automatic;
				CURRENT_PROJECT_VERSION = 1;
				DEVELOPMENT_TEAM = XZW4VA4NWF;
				GENERATE_INFOPLIST_FILE = YES;
				MARKETING_VERSION = 1.0;
				PRODUCT_BUNDLE_IDENTIFIER = kz.zaki.ToDoTDDAppUITests;
				PRODUCT_NAME = "$(TARGET_NAME)";
				SWIFT_EMIT_LOC_STRINGS = NO;
				SWIFT_VERSION = 5.0;
				TARGETED_DEVICE_FAMILY = "1,2";
				TEST_TARGET_NAME = ToDoTDDApp;
			};
			name = Release;
		};
/* End XCBuildConfiguration section */

/* Begin XCConfigurationList section */
		35AB85EB2A8B9A550028650C /* Build configuration list for PBXProject "ToDoTDDApp" */ = {
			isa = XCConfigurationList;
			buildConfigurations = (
				35AB86182A8B9A580028650C /* Debug */,
				35AB86192A8B9A580028650C /* Release */,
			);
			defaultConfigurationIsVisible = 0;
			defaultConfigurationName = Release;
		};
		35AB861A2A8B9A580028650C /* Build configuration list for PBXNativeTarget "ToDoTDDApp" */ = {
			isa = XCConfigurationList;
			buildConfigurations = (
				35AB861B2A8B9A580028650C /* Debug */,
				35AB861C2A8B9A580028650C /* Release */,
			);
			defaultConfigurationIsVisible = 0;
			defaultConfigurationName = Release;
		};
		35AB861D2A8B9A580028650C /* Build configuration list for PBXNativeTarget "ToDoTDDAppTests" */ = {
			isa = XCConfigurationList;
			buildConfigurations = (
				35AB861E2A8B9A580028650C /* Debug */,
				35AB861F2A8B9A580028650C /* Release */,
			);
			defaultConfigurationIsVisible = 0;
			defaultConfigurationName = Release;
		};
		35AB86202A8B9A580028650C /* Build configuration list for PBXNativeTarget "ToDoTDDAppUITests" */ = {
			isa = XCConfigurationList;
			buildConfigurations = (
				35AB86212A8B9A580028650C /* Debug */,
				35AB86222A8B9A580028650C /* Release */,
			);
			defaultConfigurationIsVisible = 0;
			defaultConfigurationName = Release;
		};
/* End XCConfigurationList section */
	};
	rootObject = 35AB85E82A8B9A550028650C /* Project object */;
}
